PODS:
  - Differentiator (4.0.1)
  - EmptyDataSet-Swift (5.0.0)
  - Firebase (7.7.0):
    - Firebase/Core (= 7.7.0)
  - Firebase/Core (7.7.0):
    - Firebase/CoreOnly
    - FirebaseAnalytics (= 7.7.0)
  - Firebase/CoreOnly (7.7.0):
    - FirebaseCore (= 7.7.0)
  - FirebaseAnalytics (7.7.0):
    - FirebaseCore (~> 7.0)
    - FirebaseInstallations (~> 7.0)
    - GoogleAppMeasurement (= 7.7.0)
    - GoogleUtilities/AppDelegateSwizzler (~> 7.0)
    - GoogleUtilities/MethodSwizzler (~> 7.0)
    - GoogleUtilities/Network (~> 7.0)
    - "GoogleUtilities/NSData+zlib (~> 7.0)"
    - nanopb (~> 2.30907.0)
  - FirebaseCore (7.7.0):
    - FirebaseCoreDiagnostics (~> 7.4)
    - GoogleUtilities/Environment (~> 7.0)
    - GoogleUtilities/Logger (~> 7.0)
  - FirebaseCoreDiagnostics (7.7.0):
    - GoogleDataTransport (~> 8.0)
    - GoogleUtilities/Environment (~> 7.0)
    - GoogleUtilities/Logger (~> 7.0)
    - nanopb (~> 2.30907.0)
  - FirebaseInstallations (7.7.0):
    - FirebaseCore (~> 7.0)
    - GoogleUtilities/Environment (~> 7.0)
    - GoogleUtilities/UserDefaults (~> 7.0)
    - PromisesObjC (~> 1.2)
  - GoogleAppMeasurement (7.7.0):
    - GoogleUtilities/AppDelegateSwizzler (~> 7.0)
    - GoogleUtilities/MethodSwizzler (~> 7.0)
    - GoogleUtilities/Network (~> 7.0)
    - "GoogleUtilities/NSData+zlib (~> 7.0)"
    - nanopb (~> 2.30907.0)
  - GoogleDataTransport (8.2.0):
    - nanopb (~> 2.30907.0)
  - GoogleUtilities/AppDelegateSwizzler (7.2.2):
    - GoogleUtilities/Environment
    - GoogleUtilities/Logger
    - GoogleUtilities/Network
  - GoogleUtilities/Environment (7.2.2):
    - PromisesObjC (~> 1.2)
  - GoogleUtilities/Logger (7.2.2):
    - GoogleUtilities/Environment
  - GoogleUtilities/MethodSwizzler (7.2.2):
    - GoogleUtilities/Logger
  - GoogleUtilities/Network (7.2.2):
    - GoogleUtilities/Logger
    - "GoogleUtilities/NSData+zlib"
    - GoogleUtilities/Reachability
  - "GoogleUtilities/NSData+zlib (7.2.2)"
  - GoogleUtilities/Reachability (7.2.2):
    - GoogleUtilities/Logger
  - GoogleUtilities/UserDefaults (7.2.2):
    - GoogleUtilities/Logger
  - MaterialComponents (124.1.1):
    - MaterialComponents/ActionSheet (= 124.1.1)
    - "MaterialComponents/ActionSheet+Theming (= 124.1.1)"
    - MaterialComponents/ActivityIndicator (= 124.1.1)
    - MaterialComponents/AnimationTiming (= 124.1.1)
    - MaterialComponents/AppBar (= 124.1.1)
    - "MaterialComponents/AppBar+ColorThemer (= 124.1.1)"
    - "MaterialComponents/AppBar+Theming (= 124.1.1)"
    - "MaterialComponents/AppBar+TypographyThemer (= 124.1.1)"
    - MaterialComponents/Availability (= 124.1.1)
    - MaterialComponents/Banner (= 124.1.1)
    - "MaterialComponents/Banner+Theming (= 124.1.1)"
    - MaterialComponents/BottomAppBar (= 124.1.1)
    - MaterialComponents/BottomNavigation (= 124.1.1)
    - "MaterialComponents/BottomNavigation+BottomNavigationController (= 124.1.1)"
    - "MaterialComponents/BottomNavigation+Theming (= 124.1.1)"
    - MaterialComponents/BottomSheet (= 124.1.1)
    - "MaterialComponents/BottomSheet+ShapeThemer (= 124.1.1)"
    - MaterialComponents/ButtonBar (= 124.1.1)
    - MaterialComponents/Buttons (= 124.1.1)
    - "MaterialComponents/Buttons+ButtonThemer (= 124.1.1)"
    - "MaterialComponents/Buttons+ColorThemer (= 124.1.1)"
    - "MaterialComponents/Buttons+ShapeThemer (= 124.1.1)"
    - "MaterialComponents/Buttons+Theming (= 124.1.1)"
    - "MaterialComponents/Buttons+TypographyThemer (= 124.1.1)"
    - MaterialComponents/Cards (= 124.1.1)
    - "MaterialComponents/Cards+Theming (= 124.1.1)"
    - MaterialComponents/Chips (= 124.1.1)
    - "MaterialComponents/Chips+Theming (= 124.1.1)"
    - MaterialComponents/CollectionCells (= 124.1.1)
    - MaterialComponents/CollectionLayoutAttributes (= 124.1.1)
    - MaterialComponents/Collections (= 124.1.1)
    - MaterialComponents/Dialogs (= 124.1.1)
    - "MaterialComponents/Dialogs+ColorThemer (= 124.1.1)"
    - "MaterialComponents/Dialogs+Theming (= 124.1.1)"
    - "MaterialComponents/Dialogs+TypographyThemer (= 124.1.1)"
    - MaterialComponents/Elevation (= 124.1.1)
    - MaterialComponents/FeatureHighlight (= 124.1.1)
    - "MaterialComponents/FeatureHighlight+ColorThemer (= 124.1.1)"
    - MaterialComponents/FlexibleHeader (= 124.1.1)
    - "MaterialComponents/FlexibleHeader+CanAlwaysExpandToMaximumHeight (= 124.1.1)"
    - "MaterialComponents/FlexibleHeader+ShiftBehavior (= 124.1.1)"
    - "MaterialComponents/FlexibleHeader+ShiftBehaviorEnabledWithStatusBar (= 124.1.1)"
    - MaterialComponents/HeaderStackView (= 124.1.1)
    - MaterialComponents/Ink (= 124.1.1)
    - MaterialComponents/LibraryInfo (= 124.1.1)
    - MaterialComponents/List (= 124.1.1)
    - "MaterialComponents/List+Theming (= 124.1.1)"
    - MaterialComponents/NavigationBar (= 124.1.1)
    - "MaterialComponents/NavigationBar+ColorThemer (= 124.1.1)"
    - "MaterialComponents/NavigationBar+TypographyThemer (= 124.1.1)"
    - MaterialComponents/NavigationDrawer (= 124.1.1)
    - "MaterialComponents/NavigationDrawer+ColorThemer (= 124.1.1)"
    - "MaterialComponents/NavigationDrawer+Theming (= 124.1.1)"
    - MaterialComponents/OverlayWindow (= 124.1.1)
    - MaterialComponents/PageControl (= 124.1.1)
    - MaterialComponents/Palettes (= 124.1.1)
    - MaterialComponents/private (= 124.1.1)
    - MaterialComponents/ProgressView (= 124.1.1)
    - "MaterialComponents/ProgressView+Theming (= 124.1.1)"
    - MaterialComponents/Ripple (= 124.1.1)
    - MaterialComponents/schemes (= 124.1.1)
    - MaterialComponents/ShadowElevations (= 124.1.1)
    - MaterialComponents/ShadowLayer (= 124.1.1)
    - MaterialComponents/ShapeLibrary (= 124.1.1)
    - MaterialComponents/Shapes (= 124.1.1)
    - MaterialComponents/Slider (= 124.1.1)
    - "MaterialComponents/Slider+ColorThemer (= 124.1.1)"
    - MaterialComponents/Snackbar (= 124.1.1)
    - MaterialComponents/Tabs (= 124.1.1)
    - "MaterialComponents/Tabs+TabBarView (= 124.1.1)"
    - "MaterialComponents/Tabs+TabBarViewTheming (= 124.1.1)"
    - "MaterialComponents/Tabs+Theming (= 124.1.1)"
    - "MaterialComponents/Tabs+TypographyThemer (= 124.1.1)"
    - "MaterialComponents/TextControls+BaseTextAreas (= 124.1.1)"
    - "MaterialComponents/TextControls+BaseTextFields (= 124.1.1)"
    - "MaterialComponents/TextControls+Enums (= 124.1.1)"
    - "MaterialComponents/TextControls+FilledTextAreas (= 124.1.1)"
    - "MaterialComponents/TextControls+FilledTextAreasTheming (= 124.1.1)"
    - "MaterialComponents/TextControls+FilledTextFields (= 124.1.1)"
    - "MaterialComponents/TextControls+FilledTextFieldsTheming (= 124.1.1)"
    - "MaterialComponents/TextControls+OutlinedTextAreas (= 124.1.1)"
    - "MaterialComponents/TextControls+OutlinedTextAreasTheming (= 124.1.1)"
    - "MaterialComponents/TextControls+OutlinedTextFields (= 124.1.1)"
    - "MaterialComponents/TextControls+OutlinedTextFieldsTheming (= 124.1.1)"
    - "MaterialComponents/TextControls+UnderlinedTextFields (= 124.1.1)"
    - "MaterialComponents/TextControls+UnderlinedTextFieldsTheming (= 124.1.1)"
    - MaterialComponents/TextFields (= 124.1.1)
    - "MaterialComponents/TextFields+ColorThemer (= 124.1.1)"
    - "MaterialComponents/TextFields+Theming (= 124.1.1)"
    - MaterialComponents/Themes (= 124.1.1)
    - MaterialComponents/Typography (= 124.1.1)
  - MaterialComponents/ActionSheet (124.1.1):
    - MaterialComponents/Availability
    - MaterialComponents/BottomSheet
    - MaterialComponents/Elevation
    - MaterialComponents/Ink
    - MaterialComponents/private/Math
    - MaterialComponents/Ripple
    - MaterialComponents/ShadowElevations
    - MaterialComponents/Typography
  - "MaterialComponents/ActionSheet+Theming (124.1.1)":
    - MaterialComponents/ActionSheet
    - MaterialComponents/Availability
    - MaterialComponents/Elevation
    - MaterialComponents/private/Color
    - MaterialComponents/schemes/Container
    - MaterialComponents/ShadowElevations
  - MaterialComponents/ActivityIndicator (124.1.1):
    - MaterialComponents/Palettes
    - MaterialComponents/private/Application
    - MDFInternationalization
    - MotionAnimator (~> 4.0)
  - MaterialComponents/AnimationTiming (124.1.1)
  - MaterialComponents/AppBar (124.1.1):
    - MaterialComponents/FlexibleHeader
    - MaterialComponents/HeaderStackView
    - MaterialComponents/NavigationBar
    - MaterialComponents/private/Application
    - MaterialComponents/private/Icons/ic_arrow_back
    - MaterialComponents/private/UIMetrics
    - MaterialComponents/ShadowElevations
    - MaterialComponents/ShadowLayer
    - MaterialComponents/Typography
    - MDFInternationalization
  - "MaterialComponents/AppBar+ColorThemer (124.1.1)":
    - MaterialComponents/AppBar
    - "MaterialComponents/NavigationBar+ColorThemer"
    - MaterialComponents/Themes
  - "MaterialComponents/AppBar+Theming (124.1.1)":
    - MaterialComponents/AppBar
    - MaterialComponents/schemes/Container
  - "MaterialComponents/AppBar+TypographyThemer (124.1.1)":
    - MaterialComponents/AppBar
    - "MaterialComponents/NavigationBar+TypographyThemer"
  - MaterialComponents/Availability (124.1.1)
  - MaterialComponents/Banner (124.1.1):
    - MaterialComponents/Availability
    - MaterialComponents/Buttons
    - MaterialComponents/Elevation
    - MaterialComponents/Typography
  - "MaterialComponents/Banner+Theming (124.1.1)":
    - MaterialComponents/Banner
    - MaterialComponents/Buttons
    - "MaterialComponents/Buttons+Theming"
    - MaterialComponents/Elevation
    - MaterialComponents/schemes/Container
    - MaterialComponents/Typography
  - MaterialComponents/BottomAppBar (124.1.1):
    - MaterialComponents/Buttons
    - MaterialComponents/NavigationBar
    - MaterialComponents/private/Math
    - MDFInternationalization
  - MaterialComponents/BottomNavigation (124.1.1):
    - MaterialComponents/Availability
    - MaterialComponents/Elevation
    - MaterialComponents/Ink
    - MaterialComponents/Palettes
    - MaterialComponents/private/Math
    - MaterialComponents/Ripple
    - MaterialComponents/ShadowElevations
    - MaterialComponents/ShadowLayer
    - MaterialComponents/Typography
    - MDFInternationalization
  - "MaterialComponents/BottomNavigation+BottomNavigationController (124.1.1)":
    - MaterialComponents/BottomNavigation
  - "MaterialComponents/BottomNavigation+Theming (124.1.1)":
    - MaterialComponents/BottomNavigation
    - MaterialComponents/schemes/Color
    - MaterialComponents/schemes/Container
    - MaterialComponents/schemes/Typography
    - MaterialComponents/ShadowElevations
  - MaterialComponents/BottomSheet (124.1.1):
    - MaterialComponents/Elevation
    - MaterialComponents/private/KeyboardWatcher
    - MaterialComponents/private/Math
    - MaterialComponents/ShadowElevations
    - MaterialComponents/ShadowLayer
    - MaterialComponents/ShapeLibrary
    - MaterialComponents/Shapes
  - "MaterialComponents/BottomSheet+ShapeThemer (124.1.1)":
    - MaterialComponents/BottomSheet
    - MaterialComponents/schemes/Shape
  - MaterialComponents/ButtonBar (124.1.1):
    - MaterialComponents/Buttons
    - MaterialComponents/private/Application
    - MDFInternationalization
  - MaterialComponents/Buttons (124.1.1):
    - MaterialComponents/Elevation
    - MaterialComponents/Ink
    - MaterialComponents/private/Math
    - MaterialComponents/Ripple
    - MaterialComponents/ShadowElevations
    - MaterialComponents/ShadowLayer
    - MaterialComponents/ShapeLibrary
    - MaterialComponents/Shapes
    - MaterialComponents/Typography
    - MDFInternationalization
    - MDFTextAccessibility
  - "MaterialComponents/Buttons+ButtonThemer (124.1.1)":
    - MaterialComponents/Buttons
    - "MaterialComponents/Buttons+ColorThemer"
    - "MaterialComponents/Buttons+ShapeThemer"
    - "MaterialComponents/Buttons+TypographyThemer"
    - MaterialComponents/Palettes
  - "MaterialComponents/Buttons+ColorThemer (124.1.1)":
    - MaterialComponents/Buttons
    - MaterialComponents/schemes/Color
  - "MaterialComponents/Buttons+ShapeThemer (124.1.1)":
    - MaterialComponents/Buttons
    - MaterialComponents/schemes/Shape
  - "MaterialComponents/Buttons+Theming (124.1.1)":
    - MaterialComponents/Buttons
    - "MaterialComponents/Buttons+ColorThemer"
    - "MaterialComponents/Buttons+ShapeThemer"
    - "MaterialComponents/Buttons+TypographyThemer"
    - MaterialComponents/schemes/Container
    - MaterialComponents/ShadowElevations
  - "MaterialComponents/Buttons+TypographyThemer (124.1.1)":
    - MaterialComponents/Buttons
    - MaterialComponents/schemes/Typography
  - MaterialComponents/Cards (124.1.1):
    - MaterialComponents/Elevation
    - MaterialComponents/Ink
    - MaterialComponents/private/Icons/ic_check_circle
    - MaterialComponents/private/Math
    - MaterialComponents/Ripple
    - MaterialComponents/ShadowLayer
    - MaterialComponents/Shapes
  - "MaterialComponents/Cards+Theming (124.1.1)":
    - MaterialComponents/Cards
    - MaterialComponents/schemes/Container
  - MaterialComponents/Chips (124.1.1):
    - MaterialComponents/Elevation
    - MaterialComponents/Ink
    - MaterialComponents/private/Math
    - MaterialComponents/Ripple
    - MaterialComponents/ShadowElevations
    - MaterialComponents/ShadowLayer
    - MaterialComponents/ShapeLibrary
    - MaterialComponents/Shapes
    - MaterialComponents/TextFields
    - MaterialComponents/Typography
    - MDFInternationalization
  - "MaterialComponents/Chips+Theming (124.1.1)":
    - MaterialComponents/Chips
    - MaterialComponents/schemes/Container
    - MaterialComponents/Typography
  - MaterialComponents/CollectionCells (124.1.1):
    - MaterialComponents/CollectionLayoutAttributes
    - MaterialComponents/Ink
    - MaterialComponents/Palettes
    - MaterialComponents/private/Icons/ic_check
    - MaterialComponents/private/Icons/ic_check_circle
    - MaterialComponents/private/Icons/ic_chevron_right
    - MaterialComponents/private/Icons/ic_info
    - MaterialComponents/private/Icons/ic_radio_button_unchecked
    - MaterialComponents/private/Icons/ic_reorder
    - MaterialComponents/private/Math
    - MaterialComponents/Ripple
    - MaterialComponents/Typography
    - MDFInternationalization
  - MaterialComponents/CollectionLayoutAttributes (124.1.1)
  - MaterialComponents/Collections (124.1.1):
    - MaterialComponents/Availability
    - MaterialComponents/CollectionCells
    - MaterialComponents/CollectionLayoutAttributes
    - MaterialComponents/Ink
    - MaterialComponents/Palettes
    - MaterialComponents/Ripple
    - MaterialComponents/ShadowElevations
    - MaterialComponents/ShadowLayer
    - MaterialComponents/Typography
  - MaterialComponents/Dialogs (124.1.1):
    - MaterialComponents/Buttons
    - MaterialComponents/Elevation
    - MaterialComponents/private/KeyboardWatcher
    - MaterialComponents/private/Math
    - MaterialComponents/ShadowElevations
    - MaterialComponents/ShadowLayer
    - MaterialComponents/Typography
    - MDFInternationalization
  - "MaterialComponents/Dialogs+ColorThemer (124.1.1)":
    - "MaterialComponents/Buttons+ColorThemer"
    - MaterialComponents/Dialogs
    - MaterialComponents/Themes
  - "MaterialComponents/Dialogs+Theming (124.1.1)":
    - "MaterialComponents/Buttons+Theming"
    - MaterialComponents/Dialogs
    - "MaterialComponents/Dialogs+ColorThemer"
    - "MaterialComponents/Dialogs+TypographyThemer"
    - MaterialComponents/schemes/Container
    - MaterialComponents/ShadowElevations
  - "MaterialComponents/Dialogs+TypographyThemer (124.1.1)":
    - "MaterialComponents/Buttons+TypographyThemer"
    - MaterialComponents/Dialogs
    - MaterialComponents/schemes/Typography
  - MaterialComponents/Elevation (124.1.1):
    - MaterialComponents/Availability
    - MaterialComponents/private/Color
    - MaterialComponents/private/Math
  - MaterialComponents/FeatureHighlight (124.1.1):
    - MaterialComponents/Availability
    - MaterialComponents/private/Math
    - MaterialComponents/Typography
    - MDFTextAccessibility
  - "MaterialComponents/FeatureHighlight+ColorThemer (124.1.1)":
    - MaterialComponents/FeatureHighlight
    - MaterialComponents/Themes
  - MaterialComponents/FlexibleHeader (124.1.1):
    - MaterialComponents/Availability
    - MaterialComponents/Elevation
    - "MaterialComponents/FlexibleHeader+ShiftBehavior"
    - "MaterialComponents/FlexibleHeader+ShiftBehaviorEnabledWithStatusBar"
    - MaterialComponents/private/Application
    - MaterialComponents/private/Math
    - MaterialComponents/private/UIMetrics
    - MaterialComponents/ShadowElevations
    - MaterialComponents/ShadowLayer
    - MDFTextAccessibility
  - "MaterialComponents/FlexibleHeader+CanAlwaysExpandToMaximumHeight (124.1.1)":
    - MaterialComponents/FlexibleHeader
  - "MaterialComponents/FlexibleHeader+ShiftBehavior (124.1.1)"
  - "MaterialComponents/FlexibleHeader+ShiftBehaviorEnabledWithStatusBar (124.1.1)":
    - "MaterialComponents/FlexibleHeader+ShiftBehavior"
  - MaterialComponents/HeaderStackView (124.1.1)
  - MaterialComponents/Ink (124.1.1):
    - MaterialComponents/Availability
    - MaterialComponents/private/Color
    - MaterialComponents/private/Math
  - MaterialComponents/LibraryInfo (124.1.1)
  - MaterialComponents/List (124.1.1):
    - MaterialComponents/Elevation
    - MaterialComponents/Ink
    - MaterialComponents/private/Math
    - MaterialComponents/Ripple
    - MaterialComponents/ShadowElevations
    - MaterialComponents/ShadowLayer
    - MaterialComponents/Typography
    - MDFInternationalization
  - "MaterialComponents/List+Theming (124.1.1)":
    - MaterialComponents/List
    - MaterialComponents/schemes/Container
  - MaterialComponents/NavigationBar (124.1.1):
    - MaterialComponents/ButtonBar
    - MaterialComponents/Elevation
    - MaterialComponents/private/Math
    - MaterialComponents/Typography
    - MDFInternationalization
    - MDFTextAccessibility
  - "MaterialComponents/NavigationBar+ColorThemer (124.1.1)":
    - MaterialComponents/NavigationBar
    - MaterialComponents/schemes/Color
  - "MaterialComponents/NavigationBar+TypographyThemer (124.1.1)":
    - MaterialComponents/NavigationBar
    - MaterialComponents/schemes/Typography
  - MaterialComponents/NavigationDrawer (124.1.1):
    - MaterialComponents/Elevation
    - MaterialComponents/Palettes
    - MaterialComponents/private/Math
    - MaterialComponents/private/UIMetrics
    - MaterialComponents/ShadowLayer
  - "MaterialComponents/NavigationDrawer+ColorThemer (124.1.1)":
    - MaterialComponents/NavigationDrawer
    - MaterialComponents/schemes/Color
  - "MaterialComponents/NavigationDrawer+Theming (124.1.1)":
    - MaterialComponents/NavigationDrawer
    - MaterialComponents/schemes/Container
  - MaterialComponents/OverlayWindow (124.1.1):
    - MaterialComponents/Availability
    - MaterialComponents/private/Application
  - MaterialComponents/PageControl (124.1.1):
    - MDFInternationalization
  - MaterialComponents/Palettes (124.1.1)
  - MaterialComponents/private (124.1.1):
    - MaterialComponents/private/Application (= 124.1.1)
    - MaterialComponents/private/Color (= 124.1.1)
    - MaterialComponents/private/Icons (= 124.1.1)
    - MaterialComponents/private/KeyboardWatcher (= 124.1.1)
    - MaterialComponents/private/Math (= 124.1.1)
    - MaterialComponents/private/Overlay (= 124.1.1)
    - "MaterialComponents/private/TextControlsPrivate+BaseStyle (= 124.1.1)"
    - "MaterialComponents/private/TextControlsPrivate+FilledStyle (= 124.1.1)"
    - "MaterialComponents/private/TextControlsPrivate+OutlinedStyle (= 124.1.1)"
    - "MaterialComponents/private/TextControlsPrivate+Shared (= 124.1.1)"
    - "MaterialComponents/private/TextControlsPrivate+TextFields (= 124.1.1)"
    - "MaterialComponents/private/TextControlsPrivate+UnderlinedStyle (= 124.1.1)"
    - MaterialComponents/private/ThumbTrack (= 124.1.1)
    - MaterialComponents/private/UIMetrics (= 124.1.1)
  - MaterialComponents/private/Application (124.1.1)
  - MaterialComponents/private/Color (124.1.1):
    - MaterialComponents/Availability
  - MaterialComponents/private/Icons (124.1.1):
    - MaterialComponents/private/Icons/Base (= 124.1.1)
    - MaterialComponents/private/Icons/ic_arrow_back (= 124.1.1)
    - MaterialComponents/private/Icons/ic_check (= 124.1.1)
    - MaterialComponents/private/Icons/ic_check_circle (= 124.1.1)
    - MaterialComponents/private/Icons/ic_chevron_right (= 124.1.1)
    - MaterialComponents/private/Icons/ic_color_lens (= 124.1.1)
    - MaterialComponents/private/Icons/ic_feedback (= 124.1.1)
    - MaterialComponents/private/Icons/ic_help_outline (= 124.1.1)
    - MaterialComponents/private/Icons/ic_info (= 124.1.1)
    - MaterialComponents/private/Icons/ic_more_horiz (= 124.1.1)
    - MaterialComponents/private/Icons/ic_radio_button_unchecked (= 124.1.1)
    - MaterialComponents/private/Icons/ic_reorder (= 124.1.1)
    - MaterialComponents/private/Icons/ic_settings (= 124.1.1)
  - MaterialComponents/private/Icons/Base (124.1.1)
  - MaterialComponents/private/Icons/ic_arrow_back (124.1.1):
    - MaterialComponents/private/Icons/Base
  - MaterialComponents/private/Icons/ic_check (124.1.1):
    - MaterialComponents/private/Icons/Base
  - MaterialComponents/private/Icons/ic_check_circle (124.1.1):
    - MaterialComponents/private/Icons/Base
  - MaterialComponents/private/Icons/ic_chevron_right (124.1.1):
    - MaterialComponents/private/Icons/Base
  - MaterialComponents/private/Icons/ic_color_lens (124.1.1):
    - MaterialComponents/private/Icons/Base
  - MaterialComponents/private/Icons/ic_feedback (124.1.1):
    - MaterialComponents/private/Icons/Base
  - MaterialComponents/private/Icons/ic_help_outline (124.1.1):
    - MaterialComponents/private/Icons/Base
  - MaterialComponents/private/Icons/ic_info (124.1.1):
    - MaterialComponents/private/Icons/Base
  - MaterialComponents/private/Icons/ic_more_horiz (124.1.1):
    - MaterialComponents/private/Icons/Base
  - MaterialComponents/private/Icons/ic_radio_button_unchecked (124.1.1):
    - MaterialComponents/private/Icons/Base
  - MaterialComponents/private/Icons/ic_reorder (124.1.1):
    - MaterialComponents/private/Icons/Base
  - MaterialComponents/private/Icons/ic_settings (124.1.1):
    - MaterialComponents/private/Icons/Base
  - MaterialComponents/private/KeyboardWatcher (124.1.1):
    - MaterialComponents/private/Application
  - MaterialComponents/private/Math (124.1.1)
  - MaterialComponents/private/Overlay (124.1.1)
  - "MaterialComponents/private/TextControlsPrivate+BaseStyle (124.1.1)":
    - MaterialComponents/AnimationTiming
    - MaterialComponents/private/Math
    - "MaterialComponents/private/TextControlsPrivate+Shared"
  - "MaterialComponents/private/TextControlsPrivate+FilledStyle (124.1.1)":
    - MaterialComponents/AnimationTiming
    - MaterialComponents/Availability
    - MaterialComponents/private/Math
    - "MaterialComponents/private/TextControlsPrivate+Shared"
    - "MaterialComponents/private/TextControlsPrivate+UnderlinedStyle"
  - "MaterialComponents/private/TextControlsPrivate+OutlinedStyle (124.1.1)":
    - MaterialComponents/AnimationTiming
    - MaterialComponents/Availability
    - MaterialComponents/private/Math
    - "MaterialComponents/private/TextControlsPrivate+Shared"
  - "MaterialComponents/private/TextControlsPrivate+Shared (124.1.1)":
    - MaterialComponents/AnimationTiming
    - MaterialComponents/private/Math
    - "MaterialComponents/TextControls+Enums"
  - "MaterialComponents/private/TextControlsPrivate+TextFields (124.1.1)":
    - MaterialComponents/private/Math
    - "MaterialComponents/private/TextControlsPrivate+Shared"
  - "MaterialComponents/private/TextControlsPrivate+UnderlinedStyle (124.1.1)":
    - MaterialComponents/AnimationTiming
    - MaterialComponents/Availability
    - MaterialComponents/private/Math
    - "MaterialComponents/private/TextControlsPrivate+Shared"
  - MaterialComponents/private/ThumbTrack (124.1.1):
    - MaterialComponents/Availability
    - MaterialComponents/Ink
    - MaterialComponents/private/Math
    - MaterialComponents/Ripple
    - MaterialComponents/ShadowElevations
    - MaterialComponents/ShadowLayer
    - MaterialComponents/ShapeLibrary
    - MaterialComponents/Typography
    - MDFInternationalization
  - MaterialComponents/private/UIMetrics (124.1.1):
    - MaterialComponents/private/Application
  - MaterialComponents/ProgressView (124.1.1):
    - MaterialComponents/Palettes
    - MaterialComponents/private/Math
    - MDFInternationalization
  - "MaterialComponents/ProgressView+Theming (124.1.1)":
    - MaterialComponents/ProgressView
    - MaterialComponents/schemes/Container
  - MaterialComponents/Ripple (124.1.1):
    - MaterialComponents/AnimationTiming
    - MaterialComponents/Availability
    - MaterialComponents/private/Color
    - MaterialComponents/private/Math
  - MaterialComponents/schemes (124.1.1):
    - MaterialComponents/schemes/Color (= 124.1.1)
    - MaterialComponents/schemes/Container (= 124.1.1)
    - MaterialComponents/schemes/Shape (= 124.1.1)
    - MaterialComponents/schemes/Typography (= 124.1.1)
    - "MaterialComponents/schemes/Typography+BasicFontScheme (= 124.1.1)"
    - "MaterialComponents/schemes/Typography+Scheming (= 124.1.1)"
  - MaterialComponents/schemes/Color (124.1.1):
    - MaterialComponents/Availability
    - MaterialComponents/private/Color
  - MaterialComponents/schemes/Container (124.1.1):
    - MaterialComponents/schemes/Color
    - MaterialComponents/schemes/Shape
    - MaterialComponents/schemes/Typography
  - MaterialComponents/schemes/Shape (124.1.1):
    - MaterialComponents/ShapeLibrary
    - MaterialComponents/Shapes
  - MaterialComponents/schemes/Typography (124.1.1):
    - "MaterialComponents/schemes/Typography+BasicFontScheme"
    - "MaterialComponents/schemes/Typography+Scheming"
    - MaterialComponents/Typography
  - "MaterialComponents/schemes/Typography+BasicFontScheme (124.1.1)"
  - "MaterialComponents/schemes/Typography+Scheming (124.1.1)"
  - MaterialComponents/ShadowElevations (124.1.1)
  - MaterialComponents/ShadowLayer (124.1.1):
    - MaterialComponents/ShadowElevations
  - MaterialComponents/ShapeLibrary (124.1.1):
    - MaterialComponents/private/Math
    - MaterialComponents/Shapes
  - MaterialComponents/Shapes (124.1.1):
    - MaterialComponents/private/Color
    - MaterialComponents/private/Math
    - MaterialComponents/ShadowLayer
  - MaterialComponents/Slider (124.1.1):
    - MaterialComponents/Elevation
    - MaterialComponents/Palettes
    - MaterialComponents/private/Math
    - MaterialComponents/private/ThumbTrack
    - MaterialComponents/ShadowElevations
  - "MaterialComponents/Slider+ColorThemer (124.1.1)":
    - MaterialComponents/Palettes
    - MaterialComponents/schemes/Color
    - MaterialComponents/Slider
  - MaterialComponents/Snackbar (124.1.1):
    - MaterialComponents/AnimationTiming
    - MaterialComponents/Availability
    - MaterialComponents/Buttons
    - MaterialComponents/Elevation
    - MaterialComponents/OverlayWindow
    - MaterialComponents/private/Application
    - MaterialComponents/private/KeyboardWatcher
    - MaterialComponents/private/Math
    - MaterialComponents/private/Overlay
    - MaterialComponents/ShadowElevations
    - MaterialComponents/ShadowLayer
    - MaterialComponents/Typography
  - MaterialComponents/Tabs (124.1.1):
    - MaterialComponents/AnimationTiming
    - MaterialComponents/Elevation
    - MaterialComponents/Ink
    - MaterialComponents/Palettes
    - MaterialComponents/private/Math
    - MaterialComponents/Ripple
    - MaterialComponents/ShadowElevations
    - MaterialComponents/ShadowLayer
    - MaterialComponents/Typography
    - MDFInternationalization
  - "MaterialComponents/Tabs+TabBarView (124.1.1)":
    - MaterialComponents/AnimationTiming
    - MaterialComponents/private/Math
    - MaterialComponents/Ripple
    - MDFInternationalization
  - "MaterialComponents/Tabs+TabBarViewTheming (124.1.1)":
    - MaterialComponents/schemes/Container
    - "MaterialComponents/Tabs+TabBarView"
  - "MaterialComponents/Tabs+Theming (124.1.1)":
    - MaterialComponents/schemes/Container
    - MaterialComponents/Tabs
    - "MaterialComponents/Tabs+TypographyThemer"
  - "MaterialComponents/Tabs+TypographyThemer (124.1.1)":
    - MaterialComponents/schemes/Typography
    - MaterialComponents/Tabs
  - "MaterialComponents/TextControls+BaseTextAreas (124.1.1)":
    - "MaterialComponents/private/TextControlsPrivate+BaseStyle"
    - "MaterialComponents/private/TextControlsPrivate+Shared"
    - MDFInternationalization
  - "MaterialComponents/TextControls+BaseTextFields (124.1.1)":
    - "MaterialComponents/private/TextControlsPrivate+BaseStyle"
    - "MaterialComponents/private/TextControlsPrivate+Shared"
    - "MaterialComponents/private/TextControlsPrivate+TextFields"
    - MDFInternationalization
  - "MaterialComponents/TextControls+Enums (124.1.1)"
  - "MaterialComponents/TextControls+FilledTextAreas (124.1.1)":
    - MaterialComponents/Availability
    - "MaterialComponents/private/TextControlsPrivate+FilledStyle"
    - "MaterialComponents/TextControls+BaseTextAreas"
  - "MaterialComponents/TextControls+FilledTextAreasTheming (124.1.1)":
    - MaterialComponents/schemes/Container
    - "MaterialComponents/TextControls+FilledTextAreas"
  - "MaterialComponents/TextControls+FilledTextFields (124.1.1)":
    - MaterialComponents/Availability
    - "MaterialComponents/private/TextControlsPrivate+FilledStyle"
    - "MaterialComponents/TextControls+BaseTextFields"
  - "MaterialComponents/TextControls+FilledTextFieldsTheming (124.1.1)":
    - MaterialComponents/schemes/Container
    - "MaterialComponents/TextControls+FilledTextFields"
  - "MaterialComponents/TextControls+OutlinedTextAreas (124.1.1)":
    - MaterialComponents/Availability
    - "MaterialComponents/private/TextControlsPrivate+OutlinedStyle"
    - "MaterialComponents/TextControls+BaseTextAreas"
  - "MaterialComponents/TextControls+OutlinedTextAreasTheming (124.1.1)":
    - MaterialComponents/schemes/Container
    - "MaterialComponents/TextControls+OutlinedTextAreas"
  - "MaterialComponents/TextControls+OutlinedTextFields (124.1.1)":
    - MaterialComponents/Availability
    - "MaterialComponents/private/TextControlsPrivate+OutlinedStyle"
    - "MaterialComponents/TextControls+BaseTextFields"
  - "MaterialComponents/TextControls+OutlinedTextFieldsTheming (124.1.1)":
    - MaterialComponents/schemes/Container
    - "MaterialComponents/TextControls+OutlinedTextFields"
  - "MaterialComponents/TextControls+UnderlinedTextFields (124.1.1)":
    - MaterialComponents/Availability
    - "MaterialComponents/private/TextControlsPrivate+UnderlinedStyle"
    - "MaterialComponents/TextControls+BaseTextFields"
  - "MaterialComponents/TextControls+UnderlinedTextFieldsTheming (124.1.1)":
    - MaterialComponents/schemes/Container
    - "MaterialComponents/TextControls+UnderlinedTextFields"
  - MaterialComponents/TextFields (124.1.1):
    - MaterialComponents/AnimationTiming
    - MaterialComponents/Buttons
    - MaterialComponents/Elevation
    - MaterialComponents/Palettes
    - MaterialComponents/private/Math
    - MaterialComponents/Typography
    - MDFInternationalization
  - "MaterialComponents/TextFields+ColorThemer (124.1.1)":
    - MaterialComponents/TextFields
    - MaterialComponents/Themes
  - "MaterialComponents/TextFields+Theming (124.1.1)":
    - MaterialComponents/schemes/Container
    - MaterialComponents/TextFields
    - "MaterialComponents/TextFields+ColorThemer"
  - MaterialComponents/Themes (124.1.1):
    - MaterialComponents/schemes/Color
    - MaterialComponents/schemes/Typography
  - MaterialComponents/Typography (124.1.1):
    - MaterialComponents/private/Application
    - MaterialComponents/private/Math
    - MDFTextAccessibility
  - MDFInternationalization (2.0.0)
  - MDFTextAccessibility (2.0.1)
  - MotionAnimator (4.0.1):
    - MotionInterchange (~> 3.0)
  - MotionInterchange (3.0.0)
  - nanopb (2.30907.0):
    - nanopb/decode (= 2.30907.0)
    - nanopb/encode (= 2.30907.0)
  - nanopb/decode (2.30907.0)
  - nanopb/encode (2.30907.0)
  - Nimble (9.0.0)
  - ObjectMapper (4.2.0)
  - PromisesObjC (1.2.12)
  - Quick (3.1.2)
  - RxCocoa (5.1.1):
    - RxRelay (~> 5)
    - RxSwift (~> 5)
  - RxDataSources (4.0.1):
    - Differentiator (~> 4.0)
    - RxCocoa (~> 5.0)
    - RxSwift (~> 5.0)
  - RxRelay (5.1.1):
    - RxSwift (~> 5)
  - RxSwift (5.1.2)
  - SwiftLint (0.43.0)
  - XCoordinator/Core (2.0.7)
  - XCoordinator/RxSwift (2.0.7):
    - RxSwift (~> 5.0)
    - XCoordinator/Core

DEPENDENCIES:
  - EmptyDataSet-Swift (~> 5.0.0)
  - Firebase
  - MaterialComponents
  - Nimble
  - ObjectMapper
  - Quick
  - RxCocoa (~> 5)
  - RxDataSources (~> 4.0)
  - RxSwift (~> 5)
  - SwiftLint
  - XCoordinator/RxSwift (~> 2.0.3)

SPEC REPOS:
  https://github.com/CocoaPods/Specs.git:
    - Differentiator
    - EmptyDataSet-Swift
    - Firebase
    - FirebaseAnalytics
    - FirebaseCore
    - FirebaseCoreDiagnostics
    - FirebaseInstallations
    - GoogleAppMeasurement
    - GoogleDataTransport
    - GoogleUtilities
    - MaterialComponents
    - MDFInternationalization
    - MDFTextAccessibility
    - MotionAnimator
    - MotionInterchange
    - nanopb
    - Nimble
    - ObjectMapper
    - PromisesObjC
    - Quick
    - RxCocoa
    - RxDataSources
    - RxRelay
    - RxSwift
    - SwiftLint
    - XCoordinator

SPEC CHECKSUMS:
  Differentiator: 886080237d9f87f322641dedbc5be257061b0602
  EmptyDataSet-Swift: eb382c0c87a2d9c678077385a595cec52da38171
  Firebase: cd2ab85eec8170dc260186159f21072ecb679ad5
  FirebaseAnalytics: f3f8f75de34fe04141a69bb1c4bd7e24a80178e1
  FirebaseCore: ac35d680a0bf32319a59966a1478e0741536b97b
  FirebaseCoreDiagnostics: 179bf3831213451c8addd036aca7fcf5492ec154
  FirebaseInstallations: 42c86e7b02ff75b7f27f85833bf5dcb5f38a9774
  GoogleAppMeasurement: 0c3b134b2c0a90c4c24833873894bfe0e42a0384
  GoogleDataTransport: 1024b1a4dfbd7a0e92cb20d7e0a6f1fb66b449a4
  GoogleUtilities: 31c5b01f978a70c6cff2afc6272b3f1921614b43
  MaterialComponents: b9f58f24bf74588a83b2dce05802a11aaed5257d
  MDFInternationalization: 010097556d6b09d2c4ea38e0820ea6d37be6a314
  MDFTextAccessibility: f4bb4cc2194286651b59a215fdeaa0e05dc90ba5
  MotionAnimator: 5f99d7c9592928c0f28a66283eda9c3b657dc480
  MotionInterchange: 13adae439b377e31d1674cc165539d50e1d1566a
  nanopb: 59221d7f958fb711001e6a449489542d92ae113e
  Nimble: 3b4ec3fd40f1dc178058e0981107721c615643d8
  ObjectMapper: 1eb41f610210777375fa806bf161dc39fb832b81
  PromisesObjC: 3113f7f76903778cf4a0586bd1ab89329a0b7b97
  Quick: 60f0ea3b8e0cfc0df3259a5c06a238ad8b3c46e0
  RxCocoa: 32065309a38d29b5b0db858819b5bf9ef038b601
  RxDataSources: efee07fa4de48477eca0a4611e6d11e2da9c1114
  RxRelay: d77f7d771495f43c556cbc43eebd1bb54d01e8e9
  RxSwift: 1e2e1f9570186967f617e49128ed26ccf1bafc8e
  SwiftLint: 0c645fdc6feed3e390c1701ab3cc669f88b42752
  XCoordinator: 9ee654fedef1ffede33d5c11677708a555c00542

PODFILE CHECKSUM: 8353735ed3a757d0b429d2dcdbf178730b45b3d4

COCOAPODS: 1.10.1
